# THIS IS AN AUTOGENERATED FILE. DO NOT EDIT THIS FILE DIRECTLY.
# yarn lockfile v1


"@hapi/accept@3.x.x":
  version "3.2.3"
  resolved "https://registry.yarnpkg.com/@hapi/accept/-/accept-3.2.3.tgz#6947259928ed28df2736c7daffbfc739b72adfcc"
  integrity sha512-qEzsOJkCAJZxwj3iF83bSG9Lxy8Bpbrt8mRLNdvSALT6vlU2cYh6ZEHKEZPy4h/Mo31Su3j0rJgFF91+W1RWDQ==
  dependencies:
    "@hapi/boom" "7.x.x"
    "@hapi/hoek" "8.x.x"

"@hapi/address@2.x.x", "@hapi/address@^2.1.2":
  version "2.1.2"
  resolved "https://registry.yarnpkg.com/@hapi/address/-/address-2.1.2.tgz#1c794cd6dbf2354d1eb1ef10e0303f573e1c7222"
  integrity sha512-O4QDrx+JoGKZc6aN64L04vqa7e41tIiLU+OvKdcYaEMP97UttL0f9GIi9/0A4WAMx0uBd6SidDIhktZhgOcN8Q==

"@hapi/ammo@3.x.x":
  version "3.1.1"
  resolved "https://registry.yarnpkg.com/@hapi/ammo/-/ammo-3.1.1.tgz#ab700dac10f0b7fc5b7168c550c6be45ec3b981b"
  integrity sha512-NYFK27VSPGyQ/KmOQedpQH4PSjE7awLntepX68vrYtRvuJO21W1kX0bK2p3C+6ltUwtCQSvmNT8a4uMVAysC6Q==
  dependencies:
    "@hapi/hoek" "8.x.x"

"@hapi/b64@4.x.x":
  version "4.2.1"
  resolved "https://registry.yarnpkg.com/@hapi/b64/-/b64-4.2.1.tgz#bf8418d7907c5e73463f2e3b5c6fca7e9f2a1357"
  integrity sha512-zqHpQuH5CBMw6hADzKfU/IGNrxq1Q+/wTYV+OiZRQN9F3tMyk+9BUMeBvFRMamduuqL8iSp62QAnJ+7ATiYLWA==
  dependencies:
    "@hapi/hoek" "8.x.x"

"@hapi/boom@7.x.x", "@hapi/boom@^7.1.1":
  version "7.4.11"
  resolved "https://registry.yarnpkg.com/@hapi/boom/-/boom-7.4.11.tgz#37af8417eb9416aef3367aa60fa04a1a9f1fc262"
  integrity sha512-VSU/Cnj1DXouukYxxkes4nNJonCnlogHvIff1v1RVoN4xzkKhMXX+GRmb3NyH1iar10I9WFPDv2JPwfH3GaV0A==
  dependencies:
    "@hapi/hoek" "8.x.x"

"@hapi/boom@^8.0.1":
  version "8.0.1"
  resolved "https://registry.yarnpkg.com/@hapi/boom/-/boom-8.0.1.tgz#13f1f2f2a3abfb0787c79e35e238c8aff6aa1661"
  integrity sha512-SnBM2GzEYEA6AGFKXBqNLWXR3uNBui0bkmklYXX1gYtevVhDTy2uakwkSauxvIWMtlANGRhzChYg95If3FWCwA==
  dependencies:
    "@hapi/hoek" "8.x.x"

"@hapi/bounce@1.x.x":
  version "1.3.1"
  resolved "https://registry.yarnpkg.com/@hapi/bounce/-/bounce-1.3.1.tgz#7e0017300fa92b21bc6706590cac08f6085899e1"
  integrity sha512-/ecFQTRBom2MEbjMHvKKE6FZ/e1gYK72CeUIFzz++dKK1kYJ0KbRJ72mXroWoTT2hIv+8H0ua/eOkO0+hRdHcw==
  dependencies:
    "@hapi/boom" "7.x.x"
    "@hapi/hoek" "8.x.x"

"@hapi/bourne@1.x.x":
  version "1.3.2"
  resolved "https://registry.yarnpkg.com/@hapi/bourne/-/bourne-1.3.2.tgz#0a7095adea067243ce3283e1b56b8a8f453b242a"
  integrity sha512-1dVNHT76Uu5N3eJNTYcvxee+jzX4Z9lfciqRRHCU27ihbUcYi+iSc2iml5Ke1LXe1SyJCLA0+14Jh4tXJgOppA==

"@hapi/call@5.x.x":
  version "5.1.1"
  resolved "https://registry.yarnpkg.com/@hapi/call/-/call-5.1.1.tgz#e0d090483486099589d6a7cd1d08ca0e0e6edb99"
  integrity sha512-M6fC+9+K/ZB4hIdVQ8i0kc/6J5PWlW3PEWYKAAZpw0sk+28LiRTSF8BjOWwmiIjZWWs42AnEIiFJA0YrvcDnlw==
  dependencies:
    "@hapi/boom" "7.x.x"
    "@hapi/hoek" "8.x.x"

"@hapi/catbox-memory@4.x.x":
  version "4.1.1"
  resolved "https://registry.yarnpkg.com/@hapi/catbox-memory/-/catbox-memory-4.1.1.tgz#263a6f3361f7a200552c5772c98a8e80a1da712f"
  integrity sha512-T6Hdy8DExzG0jY7C8yYWZB4XHfc0v+p1EGkwxl2HoaPYAmW7I3E59M/IvmSVpis8RPcIoBp41ZpO2aZPBpM2Ww==
  dependencies:
    "@hapi/boom" "7.x.x"
    "@hapi/hoek" "8.x.x"

"@hapi/catbox@10.x.x":
  version "10.2.3"
  resolved "https://registry.yarnpkg.com/@hapi/catbox/-/catbox-10.2.3.tgz#2df51ab943d7613df3718fa2bfd981dd9558cec5"
  integrity sha512-kN9hXO4NYyOHW09CXiuj5qW1syc/0XeVOBsNNk0Tz89wWNQE5h21WF+VsfAw3uFR8swn/Wj3YEVBnWqo82m/JQ==
  dependencies:
    "@hapi/boom" "7.x.x"
    "@hapi/hoek" "8.x.x"
    "@hapi/joi" "16.x.x"
    "@hapi/podium" "3.x.x"

"@hapi/content@4.x.x":
  version "4.1.0"
  resolved "https://registry.yarnpkg.com/@hapi/content/-/content-4.1.0.tgz#5265516949ca081e85a43e97c1058ff53fc69714"
  integrity sha512-hv2Czsl49hnWDEfRZOFow/BmYbKyfEknmk3k83gOp6moFn5ceHB4xVcna8OwsGfy8dxO81lhpPy+JgQEaU4SWw==
  dependencies:
    "@hapi/boom" "7.x.x"

"@hapi/cryptiles@4.x.x":
  version "4.2.1"
  resolved "https://registry.yarnpkg.com/@hapi/cryptiles/-/cryptiles-4.2.1.tgz#ff0f18d79074659838caedbb911851313ad1ffbc"
  integrity sha512-XoqgKsHK0l/VpqPs+tr6j6vE+VQ3+2bkF2stvttmc7xAOf1oSAwHcJ0tlp/6MxMysktt1IEY0Csy3khKaP9/uQ==
  dependencies:
    "@hapi/boom" "7.x.x"

"@hapi/file@1.x.x":
  version "1.0.0"
  resolved "https://registry.yarnpkg.com/@hapi/file/-/file-1.0.0.tgz#c91c39fd04db8bed5af82d2e032e7a4e65555b38"
  integrity sha512-Bsfp/+1Gyf70eGtnIgmScvrH8sSypO3TcK3Zf0QdHnzn/ACnAkI6KLtGACmNRPEzzIy+W7aJX5E+1fc9GwIABQ==

"@hapi/formula@^1.2.0":
  version "1.2.0"
  resolved "https://registry.yarnpkg.com/@hapi/formula/-/formula-1.2.0.tgz#994649c7fea1a90b91a0a1e6d983523f680e10cd"
  integrity sha512-UFbtbGPjstz0eWHb+ga/GM3Z9EzqKXFWIbSOFURU0A/Gku0Bky4bCk9/h//K2Xr3IrCfjFNhMm4jyZ5dbCewGA==

"@hapi/hapi@^18.4.0":
  version "18.4.0"
  resolved "https://registry.yarnpkg.com/@hapi/hapi/-/hapi-18.4.0.tgz#607c33e31741bacba107011e2e24eaf431d8cc7a"
  integrity sha512-uk9zqknRLcNVQKgrPURm85DqkdroWP8eDRekh/IPoKvC4VjdZSn6EH2eUriOwyud/CldeBS3HDIJ/PtRj3VxDQ==
  dependencies:
    "@hapi/accept" "3.x.x"
    "@hapi/ammo" "3.x.x"
    "@hapi/boom" "7.x.x"
    "@hapi/bounce" "1.x.x"
    "@hapi/call" "5.x.x"
    "@hapi/catbox" "10.x.x"
    "@hapi/catbox-memory" "4.x.x"
    "@hapi/heavy" "6.x.x"
    "@hapi/hoek" "8.x.x"
    "@hapi/joi" "15.x.x"
    "@hapi/mimos" "4.x.x"
    "@hapi/podium" "3.x.x"
    "@hapi/shot" "4.x.x"
    "@hapi/somever" "2.x.x"
    "@hapi/statehood" "6.x.x"
    "@hapi/subtext" "6.x.x"
    "@hapi/teamwork" "3.x.x"
    "@hapi/topo" "3.x.x"

"@hapi/heavy@6.x.x":
  version "6.2.2"
  resolved "https://registry.yarnpkg.com/@hapi/heavy/-/heavy-6.2.2.tgz#d42a282c62d5bb6332e497d8ce9ba52f1609f3e6"
  integrity sha512-PY1dCCO6dsze7RlafIRhTaGeyTgVe49A/lSkxbhKGjQ7x46o/OFf7hLiRqTCDh3atcEKf6362EaB3+kTUbCsVA==
  dependencies:
    "@hapi/boom" "7.x.x"
    "@hapi/hoek" "8.x.x"
    "@hapi/joi" "16.x.x"

"@hapi/hoek@8.x.x", "@hapi/hoek@^8.2.4":
  version "8.3.0"
  resolved "https://registry.yarnpkg.com/@hapi/hoek/-/hoek-8.3.0.tgz#2b9db1cd00f3891005c77b3a8d608b88a6d0aa4d"
  integrity sha512-C0QL9bmgUXTSuf8nDeGrpMjtJG7tPUr8wG6/wxPbP62tGwCwQtdMSJYfESowmY4P3Hn593f+8OzNY5bckcu/LQ==

"@hapi/hoek@^6.1.2":
  version "6.2.4"
  resolved "https://registry.yarnpkg.com/@hapi/hoek/-/hoek-6.2.4.tgz#4b95fbaccbfba90185690890bdf1a2fbbda10595"
  integrity sha512-HOJ20Kc93DkDVvjwHyHawPwPkX44sIrbXazAUDiUXaY2R9JwQGo2PhFfnQtdrsIe4igjG2fPgMra7NYw7qhy0A==

"@hapi/inert@^5.2.2":
  version "5.2.2"
  resolved "https://registry.yarnpkg.com/@hapi/inert/-/inert-5.2.2.tgz#3ba4d93afc6d5b42e4bab19cd09556ddd49b5dac"
  integrity sha512-8IaGfAEF8SwZtpdaTq0G3aDPG35ZTfWKjnMNniG2N3kE+qioMsBuImIGxna8TNQ+sYMXYK78aqmvzbQHno8qSQ==
  dependencies:
    "@hapi/ammo" "3.x.x"
    "@hapi/boom" "7.x.x"
    "@hapi/bounce" "1.x.x"
    "@hapi/hoek" "8.x.x"
    "@hapi/joi" "16.x.x"
    lru-cache "4.1.x"

"@hapi/iron@5.x.x":
  version "5.1.4"
  resolved "https://registry.yarnpkg.com/@hapi/iron/-/iron-5.1.4.tgz#7406f36847f798f52b92d1d97f855e27973832b7"
  integrity sha512-+ElC+OCiwWLjlJBmm8ZEWjlfzTMQTdgPnU/TsoU5QsktspIWmWi9IU4kU83nH+X/SSya8TP8h8P11Wr5L7dkQQ==
  dependencies:
    "@hapi/b64" "4.x.x"
    "@hapi/boom" "7.x.x"
    "@hapi/bourne" "1.x.x"
    "@hapi/cryptiles" "4.x.x"
    "@hapi/hoek" "8.x.x"

"@hapi/joi@15.1.1", "@hapi/joi@15.x.x", "@hapi/joi@^15.0.0", "@hapi/joi@^15.0.1":
  version "15.1.1"
  resolved "https://registry.yarnpkg.com/@hapi/joi/-/joi-15.1.1.tgz#c675b8a71296f02833f8d6d243b34c57b8ce19d7"
  integrity sha512-entf8ZMOK8sc+8YfeOlM8pCfg3b5+WZIKBfUaaJT8UsjAAPjartzxIYm3TIbjvA4u+u++KbcXD38k682nVHDAQ==
  dependencies:
    "@hapi/address" "2.x.x"
    "@hapi/bourne" "1.x.x"
    "@hapi/hoek" "8.x.x"
    "@hapi/topo" "3.x.x"

"@hapi/joi@16.x.x":
  version "16.1.7"
  resolved "https://registry.yarnpkg.com/@hapi/joi/-/joi-16.1.7.tgz#360857223a87bb1f5f67691537964c1b4908ed93"
  integrity sha512-anaIgnZhNooG3LJLrTFzgGALTiO97zRA1UkvQHm9KxxoSiIzCozB3RCNCpDnfhTJD72QlrHA8nwGmNgpFFCIeg==
  dependencies:
    "@hapi/address" "^2.1.2"
    "@hapi/formula" "^1.2.0"
    "@hapi/hoek" "^8.2.4"
    "@hapi/pinpoint" "^1.0.2"
    "@hapi/topo" "^3.1.3"

"@hapi/mimos@4.x.x":
  version "4.1.1"
  resolved "https://registry.yarnpkg.com/@hapi/mimos/-/mimos-4.1.1.tgz#4dab8ed5c64df0603c204c725963a5faa4687e8a"
  integrity sha512-CXoi/zfcTWfKYX756eEea8rXJRIb9sR4d7VwyAH9d3BkDyNgAesZxvqIdm55npQc6S9mU3FExinMAQVlIkz0eA==
  dependencies:
    "@hapi/hoek" "8.x.x"
    mime-db "1.x.x"

"@hapi/nigel@3.x.x":
  version "3.1.1"
  resolved "https://registry.yarnpkg.com/@hapi/nigel/-/nigel-3.1.1.tgz#84794021c9ee6e48e854fea9fb76e9f7e78c99ad"
  integrity sha512-R9YWx4S8yu0gcCBrMUDCiEFm1SQT895dMlYoeNBp8I6YhF1BFF1iYPueKA2Kkp9BvyHdjmvrxCOns7GMmpl+Fw==
  dependencies:
    "@hapi/hoek" "8.x.x"
    "@hapi/vise" "3.x.x"

"@hapi/pez@4.x.x":
  version "4.1.1"
  resolved "https://registry.yarnpkg.com/@hapi/pez/-/pez-4.1.1.tgz#d515ed75bc082cb6da3ab8d7804a3b41a4d63be6"
  integrity sha512-TUa2C7Xk6J69HWrm+Ad+O6dFvdVAG0BiFUYaRsmkdWjFIfwHBCaOI1dWT/juNukSb39Lj6/mDVyjN+H4nKB3xg==
  dependencies:
    "@hapi/b64" "4.x.x"
    "@hapi/boom" "7.x.x"
    "@hapi/content" "4.x.x"
    "@hapi/hoek" "8.x.x"
    "@hapi/nigel" "3.x.x"

"@hapi/pinpoint@^1.0.2":
  version "1.0.2"
  resolved "https://registry.yarnpkg.com/@hapi/pinpoint/-/pinpoint-1.0.2.tgz#025b7a36dbbf4d35bf1acd071c26b20ef41e0d13"
  integrity sha512-dtXC/WkZBfC5vxscazuiJ6iq4j9oNx1SHknmIr8hofarpKUZKmlUVYVIhNVzIEgK5Wrc4GMHL5lZtt1uS2flmQ==

"@hapi/podium@3.x.x":
  version "3.4.2"
  resolved "https://registry.yarnpkg.com/@hapi/podium/-/podium-3.4.2.tgz#3d3a2cb6aabbe46f98658151295d42030442bddc"
  integrity sha512-g9zlAkRL2uDlnEo64xzEhFLblf4fdL5Z6evAO0wJhdxEvokI/+6ryv7k6uhND481LiLzQz8qTtPYMuhH1hichw==
  dependencies:
    "@hapi/hoek" "8.x.x"
    "@hapi/joi" "16.x.x"

"@hapi/shot@4.x.x":
  version "4.1.2"
  resolved "https://registry.yarnpkg.com/@hapi/shot/-/shot-4.1.2.tgz#69f999956041fe468701a89a413175a521dabed5"
  integrity sha512-6LeHLjvsq/bQ0R+fhEyr7mqExRGguNTrxFZf5DyKe3CK6pNabiGgYO4JVFaRrLZ3JyuhkS0fo8iiRE2Ql2oA/A==
  dependencies:
    "@hapi/hoek" "8.x.x"
    "@hapi/joi" "16.x.x"

"@hapi/somever@2.x.x":
  version "2.1.1"
  resolved "https://registry.yarnpkg.com/@hapi/somever/-/somever-2.1.1.tgz#142bddf7cc4d829f678ed4e60618630a9a7ae845"
  integrity sha512-cic5Sto4KGd9B0oQSdKTokju+rYhCbdpzbMb0EBnrH5Oc1z048hY8PaZ1lx2vBD7I/XIfTQVQetBH57fU51XRA==
  dependencies:
    "@hapi/bounce" "1.x.x"
    "@hapi/hoek" "8.x.x"

"@hapi/statehood@6.x.x":
  version "6.1.2"
  resolved "https://registry.yarnpkg.com/@hapi/statehood/-/statehood-6.1.2.tgz#6dda508b5da99a28a3ed295c3cac795cf6c12a02"
  integrity sha512-pYXw1x6npz/UfmtcpUhuMvdK5kuOGTKcJNfLqdNptzietK2UZH5RzNJSlv5bDHeSmordFM3kGItcuQWX2lj2nQ==
  dependencies:
    "@hapi/boom" "7.x.x"
    "@hapi/bounce" "1.x.x"
    "@hapi/bourne" "1.x.x"
    "@hapi/cryptiles" "4.x.x"
    "@hapi/hoek" "8.x.x"
    "@hapi/iron" "5.x.x"
    "@hapi/joi" "16.x.x"

"@hapi/subtext@6.x.x":
  version "6.1.2"
  resolved "https://registry.yarnpkg.com/@hapi/subtext/-/subtext-6.1.2.tgz#87754f0c25b4e2676575a3686541e5b555b0c717"
  integrity sha512-G1kqD1E2QdxpvpL26WieIyo3z0qCa/sAGSa2TJI/PYPWCR9rL0rqFvhWY774xPZ4uK1PV3TIaJcx8AruAvxclg==
  dependencies:
    "@hapi/boom" "7.x.x"
    "@hapi/bourne" "1.x.x"
    "@hapi/content" "4.x.x"
    "@hapi/file" "1.x.x"
    "@hapi/hoek" "8.x.x"
    "@hapi/pez" "4.x.x"
    "@hapi/wreck" "15.x.x"

"@hapi/teamwork@3.x.x":
  version "3.3.1"
  resolved "https://registry.yarnpkg.com/@hapi/teamwork/-/teamwork-3.3.1.tgz#b52d0ec48682dc793926bd432e22ceb19c915d3f"
  integrity sha512-61tiqWCYvMKP7fCTXy0M4VE6uNIwA0qvgFoiDubgfj7uqJ0fdHJFQNnVPGrxhLWlwz0uBPWrQlBH7r8y9vFITQ==

"@hapi/topo@3.x.x", "@hapi/topo@^3.1.3":
  version "3.1.5"
  resolved "https://registry.yarnpkg.com/@hapi/topo/-/topo-3.1.5.tgz#3baea17e456530edad69a75c3fc7cde97dd6d331"
  integrity sha512-bi9m1jrui9LlvtVdLaHv0DqeOoe+I8dep+nEcTgW6XxJHL3xArQcilYz3tIp0cRC4gWlsVtABK7vNKg4jzEmAA==
  dependencies:
    "@hapi/hoek" "8.x.x"

"@hapi/vise@3.x.x":
  version "3.1.1"
  resolved "https://registry.yarnpkg.com/@hapi/vise/-/vise-3.1.1.tgz#dfc88f2ac90682f48bdc1b3f9b8f1eab4eabe0c8"
  integrity sha512-OXarbiCSadvtg+bSdVPqu31Z1JoBL+FwNYz3cYoBKQ5xq1/Cr4A3IkGpAZbAuxU5y4NL5pZFZG3d2a3ZGm/dOQ==
  dependencies:
    "@hapi/hoek" "8.x.x"

"@hapi/vision@^5.5.4":
  version "5.5.4"
  resolved "https://registry.yarnpkg.com/@hapi/vision/-/vision-5.5.4.tgz#03a01374fb5e0a498d6e502e635a0b54d70501a1"
  integrity sha512-/DFgnQtcrlf2eQNkh/DHnjrCRHLSmHraU+PHe1SlxLUJxATQCw8VIEt6rJraM2jGTpFgHNk6B6ELtu3sBJCClg==
  dependencies:
    "@hapi/boom" "7.x.x"
    "@hapi/bounce" "1.x.x"
    "@hapi/hoek" "8.x.x"
    "@hapi/joi" "16.x.x"

"@hapi/wreck@15.x.x":
  version "15.1.0"
  resolved "https://registry.yarnpkg.com/@hapi/wreck/-/wreck-15.1.0.tgz#7917cd25950ce9b023f7fd2bea6e2ef72c71e59d"
  integrity sha512-tQczYRTTeYBmvhsek/D49En/5khcShaBEmzrAaDjMrFXKJRuF8xA8+tlq1ETLBFwGd6Do6g2OC74rt11kzawzg==
  dependencies:
    "@hapi/boom" "7.x.x"
    "@hapi/bourne" "1.x.x"
    "@hapi/hoek" "8.x.x"

"@types/boom@*":
  version "7.3.0"
  resolved "https://registry.yarnpkg.com/@types/boom/-/boom-7.3.0.tgz#33280c5552d4cfabc21b8b7e0f6d29292decd985"
  integrity sha512-PH7bfkt1nu4pnlxz+Ws+wwJJF1HE12W3ia+Iace2JT7q56DLH3hbyjOJyNHJYRxk3PkKaC36fHfHKyeG1rMgCA==

"@types/catbox@*":
  version "10.0.6"
  resolved "https://registry.yarnpkg.com/@types/catbox/-/catbox-10.0.6.tgz#8a4c91261cf0afca03351bb82a95b2d6cf43a5d0"
  integrity sha512-qS0VHlL6eBUUoUeBnI/ASCffoniS62zdV6IUtLSIjGKmRhZNawotaOMsTYivZOTZVktfe9koAJkD9XFac7tEEg==

"@types/hapi@^18.0.2":
  version "18.0.2"
  resolved "https://registry.yarnpkg.com/@types/hapi/-/hapi-18.0.2.tgz#2c3ed843e1e7358486eccf64256e91f7918948b2"
  integrity sha512-I3THPpOY0G0bXNLzyaqUzMIbqPrci21C1Vqlnek348SJq2Gp7TLSnQbwOb+v/xunxCTzY3o2fV3h7uffL3Ln0w==
  dependencies:
    "@types/boom" "*"
    "@types/catbox" "*"
    "@types/iron" "*"
    "@types/joi" "*"
    "@types/mimos" "*"
    "@types/node" "*"
    "@types/podium" "*"
    "@types/shot" "*"

"@types/iron@*":
  version "5.0.1"
  resolved "https://registry.yarnpkg.com/@types/iron/-/iron-5.0.1.tgz#5420bbda8623c48ee51b9a78ebad05d7305b4b24"
  integrity sha512-Ng5BkVGPt7Tw9k1OJ6qYwuD9+dmnWgActmsnnrdvs4075N8V2go1f6Pz8omG3q5rbHjXN6yzzZDYo3JOgAE/Ug==
  dependencies:
    "@types/node" "*"

"@types/joi@*":
  version "14.3.3"
  resolved "https://registry.yarnpkg.com/@types/joi/-/joi-14.3.3.tgz#f251aa8150fc0b6a7ce9feab21802a28473de335"
  integrity sha512-6gAT/UkIzYb7zZulAbcof3lFxpiD5EI6xBeTvkL1wYN12pnFQ+y/+xl9BvnVgxkmaIDN89xWhGZLD9CvuOtZ9g==

"@types/mime-db@*":
  version "1.27.0"
  resolved "https://registry.yarnpkg.com/@types/mime-db/-/mime-db-1.27.0.tgz#9bc014a1fd1fdf47649c1a54c6dd7966b8284792"
  integrity sha1-m8AUof0f30dknBpUxt15ZrgoR5I=

"@types/mimos@*":
  version "3.0.1"
  resolved "https://registry.yarnpkg.com/@types/mimos/-/mimos-3.0.1.tgz#59d96abe1c9e487e7463fe41e8d86d76b57a441a"
  integrity sha512-MATIRH4VMIJki8lcYUZdNQEHuAG7iQ1FWwoLgxV+4fUOly2xZYdhHtGgvQyWiTeJqq2tZbE0nOOgZD6pR0FpNQ==
  dependencies:
    "@types/mime-db" "*"

"@types/node@*":
  version "12.7.12"
  resolved "https://registry.yarnpkg.com/@types/node/-/node-12.7.12.tgz#7c6c571cc2f3f3ac4a59a5f2bd48f5bdbc8653cc"
  integrity sha512-KPYGmfD0/b1eXurQ59fXD1GBzhSQfz6/lKBxkaHX9dKTzjXbK68Zt7yGUxUsCS1jeTy/8aL+d9JEr+S54mpkWQ==

"@types/podium@*":
  version "1.0.0"
  resolved "https://registry.yarnpkg.com/@types/podium/-/podium-1.0.0.tgz#bfaa2151be2b1d6109cc69f7faa9dac2cba3bb20"
  integrity sha1-v6ohUb4rHWEJzGn3+qnawsujuyA=

"@types/shot@*":
  version "4.0.0"
  resolved "https://registry.yarnpkg.com/@types/shot/-/shot-4.0.0.tgz#7545500c489b65c69b5bc5446ba4fef3bd26af92"
  integrity sha512-Xv+n8yfccuicMlwBY58K5PVVNtXRm7uDzcwwmCarBxMP+XxGfnh1BI06YiVAsPbTAzcnYsrzpoS5QHeyV7LS8A==
  dependencies:
    "@types/node" "*"

argparse@^1.0.7:
  version "1.0.10"
  resolved "https://registry.yarnpkg.com/argparse/-/argparse-1.0.10.tgz#bcd6791ea5ae09725e17e5ad988134cd40b3d911"
  integrity sha512-o5Roy6tNG4SL/FOkCAN6RzjiakZS25RLYFrcMttJqbdd8BWrnA+fGz57iN5Pb06pvBGvl5gQ0B48dJlslXvoTg==
  dependencies:
    sprintf-js "~1.0.2"

bson@^1.1.1:
  version "1.1.1"
  resolved "https://registry.yarnpkg.com/bson/-/bson-1.1.1.tgz#4330f5e99104c4e751e7351859e2d408279f2f13"
  integrity sha512-jCGVYLoYMHDkOsbwJZBCqwMHyH4c+wzgI9hG7Z6SZJRXWr+x58pdIbm2i9a/jFGCkRJqRUr8eoI7lDWa0hTkxg==

call-me-maybe@^1.0.1:
  version "1.0.1"
  resolved "https://registry.yarnpkg.com/call-me-maybe/-/call-me-maybe-1.0.1.tgz#26d208ea89e37b5cbde60250a15f031c16a4d66b"
  integrity sha1-JtII6onje1y95gJQoV8DHBak1ms=

commander@2.20.0:
  version "2.20.0"
  resolved "https://registry.yarnpkg.com/commander/-/commander-2.20.0.tgz#d58bb2b5c1ee8f87b0d340027e9e94e222c5a422"
  integrity sha512-7j2y+40w61zy6YC2iRNpUe/NwhNyoXrYpHMrSunaMG64nRnaf96zO/KMQR4OyN/UnE5KLyEBnKHd4aG3rskjpQ==

commander@^2.7.1:
  version "2.20.1"
  resolved "https://registry.yarnpkg.com/commander/-/commander-2.20.1.tgz#3863ce3ca92d0831dcf2a102f5fb4b5926afd0f9"
  integrity sha512-cCuLsMhJeWQ/ZpsFTbE765kvVfoeSddc4nU3up4fV+fDBcfUXnbITJ+JzhkdjzOqhURjZgujxaioam4RM9yGUg==

core-js@^2.5.7:
  version "2.6.9"
  resolved "https://registry.yarnpkg.com/core-js/-/core-js-2.6.9.tgz#6b4b214620c834152e179323727fc19741b084f2"
  integrity sha512-HOpZf6eXmnl7la+cUdMnLvUxKNqLUzJvgIziQ0DiF3JwSImNphIqdGqzj6hIKyX04MmV0poclQ7+wjWvxQyR2A==

debug@^3.1.0:
  version "3.2.6"
  resolved "https://registry.yarnpkg.com/debug/-/debug-3.2.6.tgz#e83d17de16d8a7efb7717edbe5fb10135eee629b"
  integrity sha512-mel+jf7nrtEl5Pn1Qx46zARXKDpBbvzezse7p7LqINmdoIk8PYP5SySaxEmYv6TZ0JyEKA1hsCId6DIhgITtWQ==
  dependencies:
    ms "^2.1.1"

esprima@^4.0.0:
  version "4.0.1"
  resolved "https://registry.yarnpkg.com/esprima/-/esprima-4.0.1.tgz#13b04cdb3e6c5d19df91ab6987a8695619b0aa71"
  integrity sha512-eGuFFw7Upda+g4p+QHvnW0RyTX/SVeJBDM/gCtMARO0cLuT2HcEKnTPvhjV6aGeqrCB/sbNop0Kszm0jsaWU4A==

format-util@^1.0.3:
  version "1.0.3"
  resolved "https://registry.yarnpkg.com/format-util/-/format-util-1.0.3.tgz#032dca4a116262a12c43f4c3ec8566416c5b2d95"
  integrity sha1-Ay3KShFiYqEsQ/TD7IVmQWxbLZU=

handlebars@^4.0.11:
  version "4.4.3"
  resolved "https://registry.yarnpkg.com/handlebars/-/handlebars-4.4.3.tgz#180bae52c1d0e9ec0c15d7e82a4362d662762f6e"
  integrity sha512-B0W4A2U1ww3q7VVthTKfh+epHx+q4mCt6iK+zEAzbMBpWQAwxCeKxEGpj/1oQTpzPXDNSOG7hmG14TsISH50yw==
  dependencies:
    neo-async "^2.6.0"
    optimist "^0.6.1"
    source-map "^0.6.1"
  optionalDependencies:
    uglify-js "^3.1.4"

hapi-mongodb@^9.0.0:
  version "9.0.0"
  resolved "https://registry.yarnpkg.com/hapi-mongodb/-/hapi-mongodb-9.0.0.tgz#22c90e8bee26aafe86bb921cb9b998ec86ba9044"
  integrity sha512-SJtK7r0Muh1Q6vkhdWmAwJpRYojNXgbr7ZLxvLHgiY7zaRmgVlznUDjH0GjbCeL5W21SeiF7XGyHi0TLKcolRg==
  dependencies:
    "@hapi/joi" "^15.0.0"
    mongodb "^3.2.3"

hapi-swagger@^10.1.2:
  version "10.1.2"
  resolved "https://registry.yarnpkg.com/hapi-swagger/-/hapi-swagger-10.1.2.tgz#252ec6c23d9d35d23aed2d4f9e1fe23a974adaff"
  integrity sha512-s3DgBx7PQ/MRDFlKNk5Crx7xrLEKQ4qIUTjj2VUB6akIwh+Ykk5ldAvjsTA9/ufaxVFFQ4WmR/58wXFhwUEdeg==
  dependencies:
    "@hapi/boom" "^7.1.1"
    "@hapi/hoek" "^6.1.2"
    "@hapi/joi" "^15.0.1"
    handlebars "^4.0.11"
    http-status "^1.0.1"
    json-schema-ref-parser "^6.1.0"
    swagger-parser "4.0.2"
    swagger-ui-dist "^3.22.1"

http-status@^1.0.1:
  version "1.3.2"
  resolved "https://registry.yarnpkg.com/http-status/-/http-status-1.3.2.tgz#a4fb27db5e32948fecd2fb110b9b3afef4a07bf7"
  integrity sha512-vR1YTaDyi2BukI0UiH01xy92oiZi4in7r0dmSPnrZg72Vu1SzyOLalwWP5NUk1rNiB2L+XVK2lcSVOqaertX8A==

js-yaml@^3.10.0, js-yaml@^3.12.1:
  version "3.13.1"
  resolved "https://registry.yarnpkg.com/js-yaml/-/js-yaml-3.13.1.tgz#aff151b30bfdfa8e49e05da22e7415e9dfa37847"
  integrity sha512-YfbcO7jXDdyj0DGxYVSlSeQNHbD7XPWvrVWeVUujrQEoZzWJIRrCPoyk6kL6IAjAG2IolMK4T0hNUe0HOUs5Jw==
  dependencies:
    argparse "^1.0.7"
    esprima "^4.0.0"

json-schema-ref-parser@^4.1.0:
  version "4.1.1"
  resolved "https://registry.yarnpkg.com/json-schema-ref-parser/-/json-schema-ref-parser-4.1.1.tgz#f7900efc15f693432d4ac6519dc1ee09c01aa40b"
  integrity sha512-lByoCHZ6H2zgb6NtsXIqtzQ+6Ji7iVqnrhWxsXLhF+gXmgu6E8+ErpDxCMR439MUG1nfMjWI2HAoM8l0XgSNhw==
  dependencies:
    call-me-maybe "^1.0.1"
    debug "^3.1.0"
    js-yaml "^3.10.0"
    ono "^4.0.3"

json-schema-ref-parser@^6.1.0:
  version "6.1.0"
  resolved "https://registry.yarnpkg.com/json-schema-ref-parser/-/json-schema-ref-parser-6.1.0.tgz#30af34aeab5bee0431da805dac0eb21b574bf63d"
  integrity sha512-pXe9H1m6IgIpXmE5JSb8epilNTGsmTb2iPohAXpOdhqGFbQjNeHHsZxU+C8w6T81GZxSPFLeUoqDJmzxx5IGuw==
  dependencies:
    call-me-maybe "^1.0.1"
    js-yaml "^3.12.1"
    ono "^4.0.11"

lodash.get@^4.0.0:
  version "4.4.2"
  resolved "https://registry.yarnpkg.com/lodash.get/-/lodash.get-4.4.2.tgz#2d177f652fa31e939b4438d5341499dfa3825e99"
  integrity sha1-LRd/ZS+jHpObRDjVNBSZ36OCXpk=

lodash.isequal@^4.0.0:
  version "4.5.0"
  resolved "https://registry.yarnpkg.com/lodash.isequal/-/lodash.isequal-4.5.0.tgz#415c4478f2bcc30120c22ce10ed3226f7d3e18e0"
  integrity sha1-QVxEePK8wwEgwizhDtMib30+GOA=

lru-cache@4.1.x:
  version "4.1.5"
  resolved "https://registry.yarnpkg.com/lru-cache/-/lru-cache-4.1.5.tgz#8bbe50ea85bed59bc9e33dcab8235ee9bcf443cd"
  integrity sha512-sWZlbEP2OsHNkXrMl5GYk/jKk70MBng6UU4YI/qGDYbgf6YbP4EvmqISbXCoJiRKs+1bSpFHVgQxvJ17F2li5g==
  dependencies:
    pseudomap "^1.0.2"
    yallist "^2.1.2"

mime-db@1.x.x:
  version "1.42.0"
  resolved "https://registry.yarnpkg.com/mime-db/-/mime-db-1.42.0.tgz#3e252907b4c7adb906597b4b65636272cf9e7bac"
  integrity sha512-UbfJCR4UAVRNgMpfImz05smAXK7+c+ZntjaA26ANtkXLlOe947Aag5zdIcKQULAiF9Cq4WxBi9jUs5zkA84bYQ==

minimist@~0.0.1:
  version "0.0.10"
  resolved "https://registry.yarnpkg.com/minimist/-/minimist-0.0.10.tgz#de3f98543dbf96082be48ad1a0c7cda836301dcf"
  integrity sha1-3j+YVD2/lggr5IrRoMfNqDYwHc8=

mongodb@^3.2.3:
  version "3.3.2"
  resolved "https://registry.yarnpkg.com/mongodb/-/mongodb-3.3.2.tgz#ff086b5f552cf07e24ce098694210f3d42d668b2"
  integrity sha512-fqJt3iywelk4yKu/lfwQg163Bjpo5zDKhXiohycvon4iQHbrfflSAz9AIlRE6496Pm/dQKQK5bMigdVo2s6gBg==
  dependencies:
    bson "^1.1.1"
    require_optional "^1.0.1"
    safe-buffer "^5.1.2"

ms@^2.1.1:
  version "2.1.2"
  resolved "https://registry.yarnpkg.com/ms/-/ms-2.1.2.tgz#d09d1f357b443f493382a8eb3ccd183872ae6009"
  integrity sha512-sGkPx+VjMtmA6MX27oA4FBFELFCZZ4S4XqeGOXCv68tT+jb3vk/RyaKWP0PTKyWtmLSM0b+adUTEvbs1PEaH2w==

neo-async@^2.6.0:
  version "2.6.1"
  resolved "https://registry.yarnpkg.com/neo-async/-/neo-async-2.6.1.tgz#ac27ada66167fa8849a6addd837f6b189ad2081c"
  integrity sha512-iyam8fBuCUpWeKPGpaNMetEocMt364qkCsfL9JuhjXX6dRnguRVOfk2GZaDpPjcOKiiXCPINZC1GczQ7iTq3Zw==

ono@^4.0.11, ono@^4.0.3:
  version "4.0.11"
  resolved "https://registry.yarnpkg.com/ono/-/ono-4.0.11.tgz#c7f4209b3e396e8a44ef43b9cedc7f5d791d221d"
  integrity sha512-jQ31cORBFE6td25deYeD80wxKBMj+zBmHTrVxnc6CKhx8gho6ipmWM5zj/oeoqioZ99yqBls9Z/9Nss7J26G2g==
  dependencies:
    format-util "^1.0.3"

optimist@^0.6.1:
  version "0.6.1"
  resolved "https://registry.yarnpkg.com/optimist/-/optimist-0.6.1.tgz#da3ea74686fa21a19a111c326e90eb15a0196686"
  integrity sha1-2j6nRob6IaGaERwybpDrFaAZZoY=
  dependencies:
    minimist "~0.0.1"
    wordwrap "~0.0.2"

pseudomap@^1.0.2:
  version "1.0.2"
  resolved "https://registry.yarnpkg.com/pseudomap/-/pseudomap-1.0.2.tgz#f052a28da70e618917ef0a8ac34c1ae5a68286b3"
  integrity sha1-8FKijacOYYkX7wqKw0wa5aaChrM=

qs@^6.9.0:
  version "6.9.0"
  resolved "https://registry.yarnpkg.com/qs/-/qs-6.9.0.tgz#d1297e2a049c53119cb49cca366adbbacc80b409"
  integrity sha512-27RP4UotQORTpmNQDX8BHPukOnBP3p1uUJY5UnDhaJB+rMt9iMsok724XL+UHU23bEFOHRMQ2ZhI99qOWUMGFA==

require_optional@^1.0.1:
  version "1.0.1"
  resolved "https://registry.yarnpkg.com/require_optional/-/require_optional-1.0.1.tgz#4cf35a4247f64ca3df8c2ef208cc494b1ca8fc2e"
  integrity sha512-qhM/y57enGWHAe3v/NcwML6a3/vfESLe/sGM2dII+gEO0BpKRUkWZow/tyloNqJyN6kXSl3RyyM8Ll5D/sJP8g==
  dependencies:
    resolve-from "^2.0.0"
    semver "^5.1.0"

resolve-from@^2.0.0:
  version "2.0.0"
  resolved "https://registry.yarnpkg.com/resolve-from/-/resolve-from-2.0.0.tgz#9480ab20e94ffa1d9e80a804c7ea147611966b57"
  integrity sha1-lICrIOlP+h2egKgEx+oUdhGWa1c=

safe-buffer@^5.1.2:
  version "5.2.0"
  resolved "https://registry.yarnpkg.com/safe-buffer/-/safe-buffer-5.2.0.tgz#b74daec49b1148f88c64b68d49b1e815c1f2f519"
  integrity sha512-fZEwUGbVl7kouZs1jCdMLdt95hdIv0ZeHg6L7qPeciMZhZ+/gdesW4wgTARkrFWEpspjEATAzUGPG8N2jJiwbg==

semver@^5.1.0:
  version "5.7.1"
  resolved "https://registry.yarnpkg.com/semver/-/semver-5.7.1.tgz#a954f931aeba508d307bbf069eff0c01c96116f7"
  integrity sha512-sauaDf/PZdVgrLTNYHRtpXa1iRiKcaebiKQ1BJdpQlWH2lCvexQdX55snPFyK7QzpudqbCI0qXFfOasHdyNDGQ==

source-map@^0.6.1, source-map@~0.6.1:
  version "0.6.1"
  resolved "https://registry.yarnpkg.com/source-map/-/source-map-0.6.1.tgz#74722af32e9614e9c287a8d0bbde48b5e2f1a263"
  integrity sha512-UjgapumWlbMhkBgzT7Ykc5YXUT46F0iKu8SGXq0bcwP5dz/h0Plj6enJqjz1Zbq2l5WaqYnrVbwWOWMyF3F47g==

sprintf-js@~1.0.2:
  version "1.0.3"
  resolved "https://registry.yarnpkg.com/sprintf-js/-/sprintf-js-1.0.3.tgz#04e6926f662895354f3dd015203633b857297e2c"
  integrity sha1-BOaSb2YolTVPPdAVIDYzuFcpfiw=

swagger-methods@^1.0.4:
  version "1.0.8"
  resolved "https://registry.yarnpkg.com/swagger-methods/-/swagger-methods-1.0.8.tgz#8baf37ee861d3c72ff7b2faad6d74c60b336e2ed"
  integrity sha512-G6baCwuHA+C5jf4FNOrosE4XlmGsdjbOjdBK4yuiDDj/ro9uR4Srj3OR84oQMT8F3qKp00tYNv0YN730oTHPZA==

swagger-parser@4.0.2:
  version "4.0.2"
  resolved "https://registry.yarnpkg.com/swagger-parser/-/swagger-parser-4.0.2.tgz#4ffa0ceb714efaab72747822b767fcad3ce7d9f2"
  integrity sha512-hKslog8LhsXICJ1sMLsA8b8hQ3oUEX0457aLCFJc4zz6m8drmnCtyjbVqS5HycaKFOKVolJc2wFoe8KDPWfp4g==
  dependencies:
    call-me-maybe "^1.0.1"
    debug "^3.1.0"
    json-schema-ref-parser "^4.1.0"
    ono "^4.0.3"
    swagger-methods "^1.0.4"
    swagger-schema-official "2.0.0-bab6bed"
    z-schema "^3.19.0"

swagger-schema-official@2.0.0-bab6bed:
  version "2.0.0-bab6bed"
  resolved "https://registry.yarnpkg.com/swagger-schema-official/-/swagger-schema-official-2.0.0-bab6bed.tgz#70070468d6d2977ca5237b2e519ca7d06a2ea3fd"
  integrity sha1-cAcEaNbSl3ylI3suUZyn0Gouo/0=

swagger-ui-dist@^3.22.1:
  version "3.23.11"
  resolved "https://registry.yarnpkg.com/swagger-ui-dist/-/swagger-ui-dist-3.23.11.tgz#cb15882591bb79cf8d009aafacc01e8135ff3ef2"
  integrity sha512-ipENHHH/sqpngTpHXUwg55eAOZ7b2UVayUwwuWPA6nQSPhjBVXX4zOPpNKUwQIFOl3oIwVvZF7mqoxH7pMgVzA==

typescript@^3.6.3:
  version "3.6.3"
  resolved "https://registry.yarnpkg.com/typescript/-/typescript-3.6.3.tgz#fea942fabb20f7e1ca7164ff626f1a9f3f70b4da"
  integrity sha512-N7bceJL1CtRQ2RiG0AQME13ksR7DiuQh/QehubYcghzv20tnh+MQnQIuJddTmsbqYj+dztchykemz0zFzlvdQw==

uglify-js@^3.1.4:
  version "3.6.1"
  resolved "https://registry.yarnpkg.com/uglify-js/-/uglify-js-3.6.1.tgz#ae7688c50e1bdcf2f70a0e162410003cf9798311"
  integrity sha512-+dSJLJpXBb6oMHP+Yvw8hUgElz4gLTh82XuX68QiJVTXaE5ibl6buzhNkQdYhBlIhozWOC9ge16wyRmjG4TwVQ==
  dependencies:
    commander "2.20.0"
    source-map "~0.6.1"

validator@^10.0.0:
  version "10.11.0"
  resolved "https://registry.yarnpkg.com/validator/-/validator-10.11.0.tgz#003108ea6e9a9874d31ccc9e5006856ccd76b228"
  integrity sha512-X/p3UZerAIsbBfN/IwahhYaBbY68EN/UQBWHtsbXGT5bfrH/p4NQzUCG1kF/rtKaNpnJ7jAu6NGTdSNtyNIXMw==

wordwrap@~0.0.2:
  version "0.0.3"
  resolved "https://registry.yarnpkg.com/wordwrap/-/wordwrap-0.0.3.tgz#a3d5da6cd5c0bc0008d37234bbaf1bed63059107"
  integrity sha1-o9XabNXAvAAI03I0u68b7WMFkQc=

yallist@^2.1.2:
  version "2.1.2"
  resolved "https://registry.yarnpkg.com/yallist/-/yallist-2.1.2.tgz#1c11f9218f076089a47dd512f93c6699a6a81d52"
  integrity sha1-HBH5IY8HYImkfdUS+TxmmaaoHVI=

z-schema@^3.19.0:
  version "3.25.1"
  resolved "https://registry.yarnpkg.com/z-schema/-/z-schema-3.25.1.tgz#7e14663be2b96003d938a56f644fb8561643fb7e"
  integrity sha512-7tDlwhrBG+oYFdXNOjILSurpfQyuVgkRe3hB2q8TEssamDHB7BbLWYkYO98nTn0FibfdFroFKDjndbgufAgS/Q==
  dependencies:
    core-js "^2.5.7"
    lodash.get "^4.0.0"
    lodash.isequal "^4.0.0"
    validator "^10.0.0"
  optionalDependencies:
    commander "^2.7.1"
